
Microsoft Visual Studio Solution File, Format Version 12.00
# Visual Studio Version 17
VisualStudioVersion = 17.8.34525.116
MinimumVisualStudioVersion = 10.0.40219.1
Project("{F184B08F-C81C-45F6-A57F-5ABD9991F28F}") = "GUI-Development-21416-Gabriel-Whatley-Assignment-A7", "GUI-Development-21416-Gabriel-Whatley-Assignment-A7\GUI-Development-21416-Gabriel-Whatley-Assignment-A7.vbproj", "{A9BFF9E2-DDF3-4847-AC2B-6366BF1D00AF}"
EndProject
Global
	GlobalSection(SolutionConfigurationPlatforms) = preSolution
		Debug|Any CPU = Debug|Any CPU
		Release|Any CPU = Release|Any CPU
	EndGlobalSection
	GlobalSection(ProjectConfigurationPlatforms) = postSolution
		{A9BFF9E2-DDF3-4847-AC2B-6366BF1D00AF}.Debug|Any CPU.ActiveCfg = Debug|Any CPU
		{A9BFF9E2-DDF3-4847-AC2B-6366BF1D00AF}.Debug|Any CPU.Build.0 = Debug|Any CPU
		{A9BFF9E2-DDF3-4847-AC2B-6366BF1D00AF}.Release|Any CPU.ActiveCfg = Release|Any CPU
		{A9BFF9E2-DDF3-4847-AC2B-6366BF1D00AF}.Release|Any CPU.Build.0 = Release|Any CPU
	EndGlobalSection
	GlobalSection(SolutionProperties) = preSolution
		HideSolutionNode = FALSE
	EndGlobalSection
	GlobalSection(ExtensibilityGlobals) = postSolution
		SolutionGuid = {CA7D9E0C-9C9B-4FD0-A4F1-AA6066D7C1C7}
	EndGlobalSection
EndGlobal
